
Microsoft Visual Studio Solution File, Format Version 12.00
# Visual Studio Version 16
VisualStudioVersion = 16.0.31129.286
MinimumVisualStudioVersion = 10.0.40219.1
Project("{FAE04EC0-301F-11D3-BF4B-00C04F79EFBC}") = "Tugas10", "Tugas10\Tugas10.csproj", "{D5D9FBE9-FCE0-4746-A6DF-60175B0A3E73}"
EndProject
Global
	GlobalSection(SolutionConfigurationPlatforms) = preSolution
		Debug|Any CPU = Debug|Any CPU
		Release|Any CPU = Release|Any CPU
	EndGlobalSection
	GlobalSection(ProjectConfigurationPlatforms) = postSolution
		{D5D9FBE9-FCE0-4746-A6DF-60175B0A3E73}.Debug|Any CPU.ActiveCfg = Debug|Any CPU
		{D5D9FBE9-FCE0-4746-A6DF-60175B0A3E73}.Debug|Any CPU.Build.0 = Debug|Any CPU
		{D5D9FBE9-FCE0-4746-A6DF-60175B0A3E73}.Release|Any CPU.ActiveCfg = Release|Any CPU
		{D5D9FBE9-FCE0-4746-A6DF-60175B0A3E73}.Release|Any CPU.Build.0 = Release|Any CPU
	EndGlobalSection
	GlobalSection(SolutionProperties) = preSolution
		HideSolutionNode = FALSE
	EndGlobalSection
	GlobalSection(ExtensibilityGlobals) = postSolution
		SolutionGuid = {2337A633-C7F1-49DD-9A20-A2D017B2A3A3}
	EndGlobalSection
EndGlobal
