
Microsoft Visual Studio Solution File, Format Version 12.00
# Visual Studio Version 16
VisualStudioVersion = 16.0.30523.141
MinimumVisualStudioVersion = 10.0.40219.1
Project("{FAE04EC0-301F-11D3-BF4B-00C04F79EFBC}") = "Tugas02", "Tugas02\Tugas02.csproj", "{08D0C81F-A211-4EE4-98A3-3D1199504D89}"
EndProject
Global
	GlobalSection(SolutionConfigurationPlatforms) = preSolution
		Debug|Any CPU = Debug|Any CPU
		Release|Any CPU = Release|Any CPU
	EndGlobalSection
	GlobalSection(ProjectConfigurationPlatforms) = postSolution
		{08D0C81F-A211-4EE4-98A3-3D1199504D89}.Debug|Any CPU.ActiveCfg = Debug|Any CPU
		{08D0C81F-A211-4EE4-98A3-3D1199504D89}.Debug|Any CPU.Build.0 = Debug|Any CPU
		{08D0C81F-A211-4EE4-98A3-3D1199504D89}.Release|Any CPU.ActiveCfg = Release|Any CPU
		{08D0C81F-A211-4EE4-98A3-3D1199504D89}.Release|Any CPU.Build.0 = Release|Any CPU
	EndGlobalSection
	GlobalSection(SolutionProperties) = preSolution
		HideSolutionNode = FALSE
	EndGlobalSection
	GlobalSection(ExtensibilityGlobals) = postSolution
		SolutionGuid = {8F7BF82C-68AE-4919-B19E-3BEA3CD5ADD0}
	EndGlobalSection
EndGlobal
