
Microsoft Visual Studio Solution File, Format Version 12.00
# Visual Studio Version 16
VisualStudioVersion = 16.0.30523.141
MinimumVisualStudioVersion = 10.0.40219.1
Project("{FAE04EC0-301F-11D3-BF4B-00C04F79EFBC}") = "Tugas03_2", "Tugas03_2\Tugas03_2.csproj", "{27E7A30F-61A9-4280-B5E6-60DE924FDE9B}"
EndProject
Global
	GlobalSection(SolutionConfigurationPlatforms) = preSolution
		Debug|Any CPU = Debug|Any CPU
		Release|Any CPU = Release|Any CPU
	EndGlobalSection
	GlobalSection(ProjectConfigurationPlatforms) = postSolution
		{27E7A30F-61A9-4280-B5E6-60DE924FDE9B}.Debug|Any CPU.ActiveCfg = Debug|Any CPU
		{27E7A30F-61A9-4280-B5E6-60DE924FDE9B}.Debug|Any CPU.Build.0 = Debug|Any CPU
		{27E7A30F-61A9-4280-B5E6-60DE924FDE9B}.Release|Any CPU.ActiveCfg = Release|Any CPU
		{27E7A30F-61A9-4280-B5E6-60DE924FDE9B}.Release|Any CPU.Build.0 = Release|Any CPU
	EndGlobalSection
	GlobalSection(SolutionProperties) = preSolution
		HideSolutionNode = FALSE
	EndGlobalSection
	GlobalSection(ExtensibilityGlobals) = postSolution
		SolutionGuid = {FDCC799A-D004-4A4D-8EE4-5E4C7286DDD2}
	EndGlobalSection
EndGlobal
